
Microsoft Visual Studio Solution File, Format Version 12.00
# Visual Studio 15
Project("{FAE04EC0-301F-11D3-BF4B-00C04F79EFBC}") = "Assembly-CSharp", "Assembly-CSharp.csproj", "{07EFBAEB-ABC9-DAC1-066C-DA94BD95EA48}"
EndProject
Project("{FAE04EC0-301F-11D3-BF4B-00C04F79EFBC}") = "Assembly-CSharp-Editor", "Assembly-CSharp-Editor.csproj", "{42CCF162-64A1-928D-689B-173255F7057F}"
EndProject
Global
	GlobalSection(SolutionConfigurationPlatforms) = preSolution
		Debug|Any CPU = Debug|Any CPU
		Release|Any CPU = Release|Any CPU
	EndGlobalSection
	GlobalSection(ProjectConfigurationPlatforms) = postSolution
		{07EFBAEB-ABC9-DAC1-066C-DA94BD95EA48}.Debug|Any CPU.ActiveCfg = Debug|Any CPU
		{07EFBAEB-ABC9-DAC1-066C-DA94BD95EA48}.Debug|Any CPU.Build.0 = Debug|Any CPU
		{07EFBAEB-ABC9-DAC1-066C-DA94BD95EA48}.Release|Any CPU.ActiveCfg = Release|Any CPU
		{07EFBAEB-ABC9-DAC1-066C-DA94BD95EA48}.Release|Any CPU.Build.0 = Release|Any CPU
		{42CCF162-64A1-928D-689B-173255F7057F}.Debug|Any CPU.ActiveCfg = Debug|Any CPU
		{42CCF162-64A1-928D-689B-173255F7057F}.Debug|Any CPU.Build.0 = Debug|Any CPU
		{42CCF162-64A1-928D-689B-173255F7057F}.Release|Any CPU.ActiveCfg = Release|Any CPU
		{42CCF162-64A1-928D-689B-173255F7057F}.Release|Any CPU.Build.0 = Release|Any CPU
	EndGlobalSection
	GlobalSection(SolutionProperties) = preSolution
		HideSolutionNode = FALSE
	EndGlobalSection
EndGlobal
